
Microsoft Visual Studio Solution File, Format Version 12.00
# Visual Studio Version 16
VisualStudioVersion = 16.0.31005.135
MinimumVisualStudioVersion = 10.0.40219.1
Project("{9A19103F-16F7-4668-BE54-9A1E7A4F7556}") = "Lucky Numbers in a Matrix v1.0", "Lucky Numbers in a Matrix v1.0\Lucky Numbers in a Matrix v1.0.csproj", "{6F7BFE77-4B10-491D-AEBE-D37A42990776}"
EndProject
Project("{9A19103F-16F7-4668-BE54-9A1E7A4F7556}") = "Lucky Numbers in a Matrix v1.1", "Lucky Numbers in a Matrix v1.1\Lucky Numbers in a Matrix v1.1.csproj", "{4197DE0A-DC04-4315-AB76-7438B4D90A7D}"
EndProject
Project("{9A19103F-16F7-4668-BE54-9A1E7A4F7556}") = "Find N Unique Integers Sum up to Zero", "Find N Unique Integers Sum up to Zero\Find N Unique Integers Sum up to Zero.csproj", "{31B6E56F-625F-4226-8FD7-1A9ABAFF4B51}"
EndProject
Project("{9A19103F-16F7-4668-BE54-9A1E7A4F7556}") = "Kids With the Greatest Number of Candies", "Kids With the Greatest Number of Candies\Kids With the Greatest Number of Candies.csproj", "{B8E7B0CA-5C16-4E92-8A75-AC5647F8D5CF}"
EndProject
Project("{FAE04EC0-301F-11D3-BF4B-00C04F79EFBC}") = "Maximum Number of Coins You Can Get", "Maximum Number of Coins You Can Get\Maximum Number of Coins You Can Get.csproj", "{4B98BAEC-9E50-4A20-A774-E81846978DC7}"
EndProject
Global
	GlobalSection(SolutionConfigurationPlatforms) = preSolution
		Debug|Any CPU = Debug|Any CPU
		Release|Any CPU = Release|Any CPU
	EndGlobalSection
	GlobalSection(ProjectConfigurationPlatforms) = postSolution
		{6F7BFE77-4B10-491D-AEBE-D37A42990776}.Debug|Any CPU.ActiveCfg = Debug|Any CPU
		{6F7BFE77-4B10-491D-AEBE-D37A42990776}.Debug|Any CPU.Build.0 = Debug|Any CPU
		{6F7BFE77-4B10-491D-AEBE-D37A42990776}.Release|Any CPU.ActiveCfg = Release|Any CPU
		{6F7BFE77-4B10-491D-AEBE-D37A42990776}.Release|Any CPU.Build.0 = Release|Any CPU
		{4197DE0A-DC04-4315-AB76-7438B4D90A7D}.Debug|Any CPU.ActiveCfg = Debug|Any CPU
		{4197DE0A-DC04-4315-AB76-7438B4D90A7D}.Debug|Any CPU.Build.0 = Debug|Any CPU
		{4197DE0A-DC04-4315-AB76-7438B4D90A7D}.Release|Any CPU.ActiveCfg = Release|Any CPU
		{4197DE0A-DC04-4315-AB76-7438B4D90A7D}.Release|Any CPU.Build.0 = Release|Any CPU
		{31B6E56F-625F-4226-8FD7-1A9ABAFF4B51}.Debug|Any CPU.ActiveCfg = Debug|Any CPU
		{31B6E56F-625F-4226-8FD7-1A9ABAFF4B51}.Debug|Any CPU.Build.0 = Debug|Any CPU
		{31B6E56F-625F-4226-8FD7-1A9ABAFF4B51}.Release|Any CPU.ActiveCfg = Release|Any CPU
		{31B6E56F-625F-4226-8FD7-1A9ABAFF4B51}.Release|Any CPU.Build.0 = Release|Any CPU
		{B8E7B0CA-5C16-4E92-8A75-AC5647F8D5CF}.Debug|Any CPU.ActiveCfg = Debug|Any CPU
		{B8E7B0CA-5C16-4E92-8A75-AC5647F8D5CF}.Debug|Any CPU.Build.0 = Debug|Any CPU
		{B8E7B0CA-5C16-4E92-8A75-AC5647F8D5CF}.Release|Any CPU.ActiveCfg = Release|Any CPU
		{B8E7B0CA-5C16-4E92-8A75-AC5647F8D5CF}.Release|Any CPU.Build.0 = Release|Any CPU
		{4B98BAEC-9E50-4A20-A774-E81846978DC7}.Debug|Any CPU.ActiveCfg = Debug|Any CPU
		{4B98BAEC-9E50-4A20-A774-E81846978DC7}.Debug|Any CPU.Build.0 = Debug|Any CPU
		{4B98BAEC-9E50-4A20-A774-E81846978DC7}.Release|Any CPU.ActiveCfg = Release|Any CPU
		{4B98BAEC-9E50-4A20-A774-E81846978DC7}.Release|Any CPU.Build.0 = Release|Any CPU
	EndGlobalSection
	GlobalSection(SolutionProperties) = preSolution
		HideSolutionNode = FALSE
	EndGlobalSection
	GlobalSection(ExtensibilityGlobals) = postSolution
		SolutionGuid = {452E413B-986D-4A66-82F5-69936FC550B7}
	EndGlobalSection
EndGlobal
